
Microsoft Visual Studio Solution File, Format Version 12.00
# Visual Studio 2012
Project("{FAE04EC0-301F-11D3-BF4B-00C04F79EFBC}") = "CopyFromExistingBlobToAsset", "CopyFromExistingBlobToAsset\CopyFromExistingBlobToAsset.csproj", "{E5AB4AC4-DB67-4BE2-9DDF-983C14522B19}"
EndProject
Global
	GlobalSection(SolutionConfigurationPlatforms) = preSolution
		Debug|Any CPU = Debug|Any CPU
		Release|Any CPU = Release|Any CPU
	EndGlobalSection
	GlobalSection(ProjectConfigurationPlatforms) = postSolution
		{E5AB4AC4-DB67-4BE2-9DDF-983C14522B19}.Debug|Any CPU.ActiveCfg = Debug|Any CPU
		{E5AB4AC4-DB67-4BE2-9DDF-983C14522B19}.Debug|Any CPU.Build.0 = Debug|Any CPU
		{E5AB4AC4-DB67-4BE2-9DDF-983C14522B19}.Release|Any CPU.ActiveCfg = Release|Any CPU
		{E5AB4AC4-DB67-4BE2-9DDF-983C14522B19}.Release|Any CPU.Build.0 = Release|Any CPU
	EndGlobalSection
	GlobalSection(SolutionProperties) = preSolution
		HideSolutionNode = FALSE
	EndGlobalSection
	GlobalSection(ExtensibilityGlobals) = postSolution
		EnterpriseLibraryConfigurationToolBinariesPath = packages\TransientFaultHandling.Core.5.1.1209.1\lib\NET4
	EndGlobalSection
EndGlobal
