
Microsoft Visual Studio Solution File, Format Version 12.00
# Visual Studio 2012
Project("{FAE04EC0-301F-11D3-BF4B-00C04F79EFBC}") = "Dynamic packaging", "Dynamic packaging\Dynamic packaging.csproj", "{3D0BFC28-D50F-4867-811F-4904D25DC588}"
EndProject
Global
	GlobalSection(SolutionConfigurationPlatforms) = preSolution
		Debug|Any CPU = Debug|Any CPU
		Release|Any CPU = Release|Any CPU
	EndGlobalSection
	GlobalSection(ProjectConfigurationPlatforms) = postSolution
		{3D0BFC28-D50F-4867-811F-4904D25DC588}.Debug|Any CPU.ActiveCfg = Debug|Any CPU
		{3D0BFC28-D50F-4867-811F-4904D25DC588}.Debug|Any CPU.Build.0 = Debug|Any CPU
		{3D0BFC28-D50F-4867-811F-4904D25DC588}.Release|Any CPU.ActiveCfg = Release|Any CPU
		{3D0BFC28-D50F-4867-811F-4904D25DC588}.Release|Any CPU.Build.0 = Release|Any CPU
	EndGlobalSection
	GlobalSection(SolutionProperties) = preSolution
		HideSolutionNode = FALSE
	EndGlobalSection
	GlobalSection(ExtensibilityGlobals) = postSolution
		EnterpriseLibraryConfigurationToolBinariesPath = packages\TransientFaultHandling.Core.5.1.1209.1\lib\NET4
	EndGlobalSection
EndGlobal
