
Microsoft Visual Studio Solution File, Format Version 12.00
# Visual Studio 2012
Project("{FAE04EC0-301F-11D3-BF4B-00C04F79EFBC}") = "MediaServicesSDKSamples", "MediaServicesSDKSamples\MediaServicesSDKSamples.csproj", "{BAF8135D-121E-49F5-8D80-3B8B1A5BA6BD}"
EndProject
Global
	GlobalSection(SolutionConfigurationPlatforms) = preSolution
		Debug|Any CPU = Debug|Any CPU
		Release|Any CPU = Release|Any CPU
	EndGlobalSection
	GlobalSection(ProjectConfigurationPlatforms) = postSolution
		{BAF8135D-121E-49F5-8D80-3B8B1A5BA6BD}.Debug|Any CPU.ActiveCfg = Debug|Any CPU
		{BAF8135D-121E-49F5-8D80-3B8B1A5BA6BD}.Debug|Any CPU.Build.0 = Debug|Any CPU
		{BAF8135D-121E-49F5-8D80-3B8B1A5BA6BD}.Release|Any CPU.ActiveCfg = Release|Any CPU
		{BAF8135D-121E-49F5-8D80-3B8B1A5BA6BD}.Release|Any CPU.Build.0 = Release|Any CPU
	EndGlobalSection
	GlobalSection(SolutionProperties) = preSolution
		HideSolutionNode = FALSE
	EndGlobalSection
	GlobalSection(ExtensibilityGlobals) = postSolution
		EnterpriseLibraryConfigurationToolBinariesPath = packages\TransientFaultHandling.Core.5.1.1209.1\lib\NET4
	EndGlobalSection
EndGlobal
